
Microsoft Visual Studio Solution File, Format Version 12.00
# Visual Studio 15
VisualStudioVersion = 15.0.28307.1267
MinimumVisualStudioVersion = 10.0.40219.1
Project("{FAE04EC0-301F-11D3-BF4B-00C04F79EFBC}") = "CheckIdentifier", "CheckIdentifier\CheckIdentifier.csproj", "{BA1064BC-BB72-4E58-A85C-C8B7F74EEC82}"
	ProjectSection(ProjectDependencies) = postProject
		{B0623E48-3571-4413-B5D8-3326EF2AF16A} = {B0623E48-3571-4413-B5D8-3326EF2AF16A}
	EndProjectSection
EndProject
Project("{FAE04EC0-301F-11D3-BF4B-00C04F79EFBC}") = "CheckIdentifierLibrary", "CheckIdentifierLibrary\CheckIdentifierLibrary.csproj", "{B0623E48-3571-4413-B5D8-3326EF2AF16A}"
EndProject
Project("{FAE04EC0-301F-11D3-BF4B-00C04F79EFBC}") = "CheckIdentifierTests", "CheckIdentifierTests\CheckIdentifierTests.csproj", "{17A68FF6-6E32-42FC-BC9E-2C72E6EDE167}"
	ProjectSection(ProjectDependencies) = postProject
		{B0623E48-3571-4413-B5D8-3326EF2AF16A} = {B0623E48-3571-4413-B5D8-3326EF2AF16A}
	EndProjectSection
EndProject
Global
	GlobalSection(SolutionConfigurationPlatforms) = preSolution
		Debug|Any CPU = Debug|Any CPU
		Release|Any CPU = Release|Any CPU
	EndGlobalSection
	GlobalSection(ProjectConfigurationPlatforms) = postSolution
		{BA1064BC-BB72-4E58-A85C-C8B7F74EEC82}.Debug|Any CPU.ActiveCfg = Debug|Any CPU
		{BA1064BC-BB72-4E58-A85C-C8B7F74EEC82}.Debug|Any CPU.Build.0 = Debug|Any CPU
		{BA1064BC-BB72-4E58-A85C-C8B7F74EEC82}.Release|Any CPU.ActiveCfg = Release|Any CPU
		{BA1064BC-BB72-4E58-A85C-C8B7F74EEC82}.Release|Any CPU.Build.0 = Release|Any CPU
		{B0623E48-3571-4413-B5D8-3326EF2AF16A}.Debug|Any CPU.ActiveCfg = Debug|Any CPU
		{B0623E48-3571-4413-B5D8-3326EF2AF16A}.Debug|Any CPU.Build.0 = Debug|Any CPU
		{B0623E48-3571-4413-B5D8-3326EF2AF16A}.Release|Any CPU.ActiveCfg = Release|Any CPU
		{B0623E48-3571-4413-B5D8-3326EF2AF16A}.Release|Any CPU.Build.0 = Release|Any CPU
		{17A68FF6-6E32-42FC-BC9E-2C72E6EDE167}.Debug|Any CPU.ActiveCfg = Debug|Any CPU
		{17A68FF6-6E32-42FC-BC9E-2C72E6EDE167}.Debug|Any CPU.Build.0 = Debug|Any CPU
		{17A68FF6-6E32-42FC-BC9E-2C72E6EDE167}.Release|Any CPU.ActiveCfg = Release|Any CPU
		{17A68FF6-6E32-42FC-BC9E-2C72E6EDE167}.Release|Any CPU.Build.0 = Release|Any CPU
	EndGlobalSection
	GlobalSection(SolutionProperties) = preSolution
		HideSolutionNode = FALSE
	EndGlobalSection
	GlobalSection(ExtensibilityGlobals) = postSolution
		SolutionGuid = {DA401DBB-E502-45F4-B96D-481C65DF4064}
	EndGlobalSection
EndGlobal
